
Microsoft Visual Studio Solution File, Format Version 12.00
# Visual Studio Version 16
VisualStudioVersion = 16.0.29806.167
MinimumVisualStudioVersion = 10.0.40219.1
Project("{FAE04EC0-301F-11D3-BF4B-00C04F79EFBC}") = "Notes.Android", "Notes.Android\Notes.Android.csproj", "{8136E835-1FC1-4483-BD7F-8EF0FA3BB9A2}"
EndProject
Project("{FAE04EC0-301F-11D3-BF4B-00C04F79EFBC}") = "Notes.iOS", "Notes.iOS\Notes.iOS.csproj", "{ED2E96D6-F3CD-4AB1-9C94-05D47000DAFB}"
EndProject
Project("{FAE04EC0-301F-11D3-BF4B-00C04F79EFBC}") = "Notes", "Notes\Notes.csproj", "{DBEB7FBF-49E7-48BB-9AFE-573977FBBFA4}"
EndProject
Global
	GlobalSection(SolutionConfigurationPlatforms) = preSolution
		Debug|Any CPU = Debug|Any CPU
		Debug|iPhone = Debug|iPhone
		Debug|iPhoneSimulator = Debug|iPhoneSimulator
		Release|Any CPU = Release|Any CPU
		Release|iPhone = Release|iPhone
		Release|iPhoneSimulator = Release|iPhoneSimulator
	EndGlobalSection
	GlobalSection(ProjectConfigurationPlatforms) = postSolution
		{8136E835-1FC1-4483-BD7F-8EF0FA3BB9A2}.Debug|Any CPU.ActiveCfg = Debug|Any CPU
		{8136E835-1FC1-4483-BD7F-8EF0FA3BB9A2}.Debug|Any CPU.Build.0 = Debug|Any CPU
		{8136E835-1FC1-4483-BD7F-8EF0FA3BB9A2}.Debug|Any CPU.Deploy.0 = Debug|Any CPU
		{8136E835-1FC1-4483-BD7F-8EF0FA3BB9A2}.Debug|iPhone.ActiveCfg = Debug|Any CPU
		{8136E835-1FC1-4483-BD7F-8EF0FA3BB9A2}.Debug|iPhone.Build.0 = Debug|Any CPU
		{8136E835-1FC1-4483-BD7F-8EF0FA3BB9A2}.Debug|iPhone.Deploy.0 = Debug|Any CPU
		{8136E835-1FC1-4483-BD7F-8EF0FA3BB9A2}.Debug|iPhoneSimulator.ActiveCfg = Debug|Any CPU
		{8136E835-1FC1-4483-BD7F-8EF0FA3BB9A2}.Debug|iPhoneSimulator.Build.0 = Debug|Any CPU
		{8136E835-1FC1-4483-BD7F-8EF0FA3BB9A2}.Debug|iPhoneSimulator.Deploy.0 = Debug|Any CPU
		{8136E835-1FC1-4483-BD7F-8EF0FA3BB9A2}.Release|Any CPU.ActiveCfg = Release|Any CPU
		{8136E835-1FC1-4483-BD7F-8EF0FA3BB9A2}.Release|Any CPU.Build.0 = Release|Any CPU
		{8136E835-1FC1-4483-BD7F-8EF0FA3BB9A2}.Release|Any CPU.Deploy.0 = Release|Any CPU
		{8136E835-1FC1-4483-BD7F-8EF0FA3BB9A2}.Release|iPhone.ActiveCfg = Release|Any CPU
		{8136E835-1FC1-4483-BD7F-8EF0FA3BB9A2}.Release|iPhone.Build.0 = Release|Any CPU
		{8136E835-1FC1-4483-BD7F-8EF0FA3BB9A2}.Release|iPhone.Deploy.0 = Release|Any CPU
		{8136E835-1FC1-4483-BD7F-8EF0FA3BB9A2}.Release|iPhoneSimulator.ActiveCfg = Release|Any CPU
		{8136E835-1FC1-4483-BD7F-8EF0FA3BB9A2}.Release|iPhoneSimulator.Build.0 = Release|Any CPU
		{8136E835-1FC1-4483-BD7F-8EF0FA3BB9A2}.Release|iPhoneSimulator.Deploy.0 = Release|Any CPU
		{ED2E96D6-F3CD-4AB1-9C94-05D47000DAFB}.Debug|Any CPU.ActiveCfg = Debug|iPhoneSimulator
		{ED2E96D6-F3CD-4AB1-9C94-05D47000DAFB}.Debug|Any CPU.Build.0 = Debug|iPhoneSimulator
		{ED2E96D6-F3CD-4AB1-9C94-05D47000DAFB}.Debug|Any CPU.Deploy.0 = Debug|iPhoneSimulator
		{ED2E96D6-F3CD-4AB1-9C94-05D47000DAFB}.Debug|iPhone.ActiveCfg = Debug|iPhone
		{ED2E96D6-F3CD-4AB1-9C94-05D47000DAFB}.Debug|iPhone.Build.0 = Debug|iPhone
		{ED2E96D6-F3CD-4AB1-9C94-05D47000DAFB}.Debug|iPhone.Deploy.0 = Debug|iPhone
		{ED2E96D6-F3CD-4AB1-9C94-05D47000DAFB}.Debug|iPhoneSimulator.ActiveCfg = Debug|iPhoneSimulator
		{ED2E96D6-F3CD-4AB1-9C94-05D47000DAFB}.Debug|iPhoneSimulator.Build.0 = Debug|iPhoneSimulator
		{ED2E96D6-F3CD-4AB1-9C94-05D47000DAFB}.Debug|iPhoneSimulator.Deploy.0 = Debug|iPhoneSimulator
		{ED2E96D6-F3CD-4AB1-9C94-05D47000DAFB}.Release|Any CPU.ActiveCfg = Release|iPhone
		{ED2E96D6-F3CD-4AB1-9C94-05D47000DAFB}.Release|Any CPU.Build.0 = Release|iPhone
		{ED2E96D6-F3CD-4AB1-9C94-05D47000DAFB}.Release|Any CPU.Deploy.0 = Release|iPhone
		{ED2E96D6-F3CD-4AB1-9C94-05D47000DAFB}.Release|iPhone.ActiveCfg = Release|iPhone
		{ED2E96D6-F3CD-4AB1-9C94-05D47000DAFB}.Release|iPhone.Build.0 = Release|iPhone
		{ED2E96D6-F3CD-4AB1-9C94-05D47000DAFB}.Release|iPhone.Deploy.0 = Release|iPhone
		{ED2E96D6-F3CD-4AB1-9C94-05D47000DAFB}.Release|iPhoneSimulator.ActiveCfg = Release|iPhoneSimulator
		{ED2E96D6-F3CD-4AB1-9C94-05D47000DAFB}.Release|iPhoneSimulator.Build.0 = Release|iPhoneSimulator
		{ED2E96D6-F3CD-4AB1-9C94-05D47000DAFB}.Release|iPhoneSimulator.Deploy.0 = Release|iPhoneSimulator
		{DBEB7FBF-49E7-48BB-9AFE-573977FBBFA4}.Debug|Any CPU.ActiveCfg = Debug|Any CPU
		{DBEB7FBF-49E7-48BB-9AFE-573977FBBFA4}.Debug|Any CPU.Build.0 = Debug|Any CPU
		{DBEB7FBF-49E7-48BB-9AFE-573977FBBFA4}.Debug|Any CPU.Deploy.0 = Debug|Any CPU
		{DBEB7FBF-49E7-48BB-9AFE-573977FBBFA4}.Debug|iPhone.ActiveCfg = Debug|Any CPU
		{DBEB7FBF-49E7-48BB-9AFE-573977FBBFA4}.Debug|iPhone.Build.0 = Debug|Any CPU
		{DBEB7FBF-49E7-48BB-9AFE-573977FBBFA4}.Debug|iPhone.Deploy.0 = Debug|Any CPU
		{DBEB7FBF-49E7-48BB-9AFE-573977FBBFA4}.Debug|iPhoneSimulator.ActiveCfg = Debug|Any CPU
		{DBEB7FBF-49E7-48BB-9AFE-573977FBBFA4}.Debug|iPhoneSimulator.Build.0 = Debug|Any CPU
		{DBEB7FBF-49E7-48BB-9AFE-573977FBBFA4}.Debug|iPhoneSimulator.Deploy.0 = Debug|Any CPU
		{DBEB7FBF-49E7-48BB-9AFE-573977FBBFA4}.Release|Any CPU.ActiveCfg = Release|Any CPU
		{DBEB7FBF-49E7-48BB-9AFE-573977FBBFA4}.Release|Any CPU.Build.0 = Release|Any CPU
		{DBEB7FBF-49E7-48BB-9AFE-573977FBBFA4}.Release|Any CPU.Deploy.0 = Release|Any CPU
		{DBEB7FBF-49E7-48BB-9AFE-573977FBBFA4}.Release|iPhone.ActiveCfg = Release|Any CPU
		{DBEB7FBF-49E7-48BB-9AFE-573977FBBFA4}.Release|iPhone.Build.0 = Release|Any CPU
		{DBEB7FBF-49E7-48BB-9AFE-573977FBBFA4}.Release|iPhone.Deploy.0 = Release|Any CPU
		{DBEB7FBF-49E7-48BB-9AFE-573977FBBFA4}.Release|iPhoneSimulator.ActiveCfg = Release|Any CPU
		{DBEB7FBF-49E7-48BB-9AFE-573977FBBFA4}.Release|iPhoneSimulator.Build.0 = Release|Any CPU
		{DBEB7FBF-49E7-48BB-9AFE-573977FBBFA4}.Release|iPhoneSimulator.Deploy.0 = Release|Any CPU
	EndGlobalSection
	GlobalSection(SolutionProperties) = preSolution
		HideSolutionNode = FALSE
	EndGlobalSection
	GlobalSection(ExtensibilityGlobals) = postSolution
		SolutionGuid = {516CDDA1-AD49-4827-840F-3114585830C2}
	EndGlobalSection
EndGlobal
